
Microsoft Visual Studio Solution File, Format Version 12.00
# Visual Studio Version 16
VisualStudioVersion = 16.0.29905.134
MinimumVisualStudioVersion = 10.0.40219.1
Project("{FAE04EC0-301F-11D3-BF4B-00C04F79EFBC}") = "Quotes.Api", "Quotes.Api\Quotes.Api.csproj", "{6A589B96-1DC7-4F39-9CDC-36E370781DFA}"
EndProject
Global
	GlobalSection(SolutionConfigurationPlatforms) = preSolution
		Debug|Any CPU = Debug|Any CPU
		Release|Any CPU = Release|Any CPU
	EndGlobalSection
	GlobalSection(ProjectConfigurationPlatforms) = postSolution
		{6A589B96-1DC7-4F39-9CDC-36E370781DFA}.Debug|Any CPU.ActiveCfg = Debug|Any CPU
		{6A589B96-1DC7-4F39-9CDC-36E370781DFA}.Debug|Any CPU.Build.0 = Debug|Any CPU
		{6A589B96-1DC7-4F39-9CDC-36E370781DFA}.Release|Any CPU.ActiveCfg = Release|Any CPU
		{6A589B96-1DC7-4F39-9CDC-36E370781DFA}.Release|Any CPU.Build.0 = Release|Any CPU
	EndGlobalSection
	GlobalSection(SolutionProperties) = preSolution
		HideSolutionNode = FALSE
	EndGlobalSection
	GlobalSection(ExtensibilityGlobals) = postSolution
		SolutionGuid = {1F8DA87A-073C-41D8-8FC0-5E6E7C90DE12}
	EndGlobalSection
EndGlobal
